
Microsoft Visual Studio Solution File, Format Version 12.00
# Visual Studio Version 16
VisualStudioVersion = 16.0.31129.286
MinimumVisualStudioVersion = 10.0.40219.1
Project("{9A19103F-16F7-4668-BE54-9A1E7A4F7556}") = "Classes", "Classes\Classes.csproj", "{73E0B783-FE79-4671-A1E0-53A11F3F78FF}"
EndProject
Project("{2150E333-8FDC-42A3-9474-1A3956D46DE8}") = "Reference", "Reference", "{DD986C0C-094E-4D88-A944-B078133DD2EE}"
	ProjectSection(SolutionItems) = preProject
		..\Reference\Derivation of the Timewave.pdf = ..\Reference\Derivation of the Timewave.pdf
		..\Reference\McKenna's TimeWave Examined.pdf = ..\Reference\McKenna's TimeWave Examined.pdf
		..\Reference\Sheliak.pdf = ..\Reference\Sheliak.pdf
		..\Reference\Temporal Resonance.pdf = ..\Reference\Temporal Resonance.pdf
		..\Reference\The Watkins Objection.pdf = ..\Reference\The Watkins Objection.pdf
	EndProjectSection
EndProject
Project("{2150E333-8FDC-42A3-9474-1A3956D46DE8}") = "Legacy Files", "Legacy Files", "{5AAEFA31-031B-4CE8-B825-34BAD4159A95}"
	ProjectSection(SolutionItems) = preProject
		..\datapoints-watkins.c = ..\datapoints-watkins.c
		..\LICENSE = ..\LICENSE
		..\Makefile = ..\Makefile
		..\README = ..\README
		..\SourceDocs.html = ..\SourceDocs.html
		..\twz-generator-threaded.c = ..\twz-generator-threaded.c
		..\twz-generator.c = ..\twz-generator.c
		..\twz-point.c = ..\twz-point.c
		..\twz.doxyfile = ..\twz.doxyfile
	EndProjectSection
EndProject
Project("{2150E333-8FDC-42A3-9474-1A3956D46DE8}") = "html", "html", "{5E2D7B02-B369-4F95-8DE3-632F8E618EAB}"
	ProjectSection(SolutionItems) = preProject
		..\html\annotated.html = ..\html\annotated.html
		..\html\annotated.js = ..\html\annotated.js
		..\html\bc_s.png = ..\html\bc_s.png
		..\html\bdwn.png = ..\html\bdwn.png
		..\html\classes.html = ..\html\classes.html
		..\html\closed.png = ..\html\closed.png
		..\html\doxygen.css = ..\html\doxygen.css
		..\html\doxygen.png = ..\html\doxygen.png
		..\html\dynsections.js = ..\html\dynsections.js
		..\html\files.html = ..\html\files.html
		..\html\files.js = ..\html\files.js
		..\html\ftv2blank.png = ..\html\ftv2blank.png
		..\html\ftv2cl.png = ..\html\ftv2cl.png
		..\html\ftv2doc.png = ..\html\ftv2doc.png
		..\html\ftv2folderclosed.png = ..\html\ftv2folderclosed.png
		..\html\ftv2folderopen.png = ..\html\ftv2folderopen.png
		..\html\ftv2lastnode.png = ..\html\ftv2lastnode.png
		..\html\ftv2link.png = ..\html\ftv2link.png
		..\html\ftv2mlastnode.png = ..\html\ftv2mlastnode.png
		..\html\ftv2mnode.png = ..\html\ftv2mnode.png
		..\html\ftv2mo.png = ..\html\ftv2mo.png
		..\html\ftv2node.png = ..\html\ftv2node.png
		..\html\ftv2ns.png = ..\html\ftv2ns.png
		..\html\ftv2plastnode.png = ..\html\ftv2plastnode.png
		..\html\ftv2pnode.png = ..\html\ftv2pnode.png
		..\html\ftv2splitbar.png = ..\html\ftv2splitbar.png
		..\html\ftv2vertline.png = ..\html\ftv2vertline.png
		..\html\functions.html = ..\html\functions.html
		..\html\functions_vars.html = ..\html\functions_vars.html
		..\html\globals.html = ..\html\globals.html
		..\html\globals_defs.html = ..\html\globals_defs.html
		..\html\globals_func.html = ..\html\globals_func.html
		..\html\globals_vars.html = ..\html\globals_vars.html
		..\html\graph_legend.html = ..\html\graph_legend.html
		..\html\graph_legend.md5 = ..\html\graph_legend.md5
		..\html\graph_legend.png = ..\html\graph_legend.png
		..\html\index.html = ..\html\index.html
		..\html\jquery.js = ..\html\jquery.js
		..\html\nav_f.png = ..\html\nav_f.png
		..\html\nav_g.png = ..\html\nav_g.png
		..\html\nav_h.png = ..\html\nav_h.png
		..\html\navtree.css = ..\html\navtree.css
		..\html\navtree.js = ..\html\navtree.js
		..\html\navtreeindex0.js = ..\html\navtreeindex0.js
		..\html\open.png = ..\html\open.png
		..\html\resize.js = ..\html\resize.js
		..\html\structThreadStruct.html = ..\html\structThreadStruct.html
		..\html\structThreadStruct.js = ..\html\structThreadStruct.js
		..\html\svgpan.js = ..\html\svgpan.js
		..\html\sync_off.png = ..\html\sync_off.png
		..\html\sync_on.png = ..\html\sync_on.png
		..\html\tab_a.png = ..\html\tab_a.png
		..\html\tab_b.png = ..\html\tab_b.png
		..\html\tab_h.png = ..\html\tab_h.png
		..\html\tab_s.png = ..\html\tab_s.png
		..\html\tabs.css = ..\html\tabs.css
		..\html\twz-generator-threaded_8c.html = ..\html\twz-generator-threaded_8c.html
		..\html\twz-generator-threaded_8c.js = ..\html\twz-generator-threaded_8c.js
		..\html\twz-generator-threaded_8c__incl.map = ..\html\twz-generator-threaded_8c__incl.map
		..\html\twz-generator-threaded_8c__incl.md5 = ..\html\twz-generator-threaded_8c__incl.md5
		..\html\twz-generator-threaded_8c__incl.png = ..\html\twz-generator-threaded_8c__incl.png
		..\html\twz-generator-threaded_8c_a0c5c9001265cb7e7630435b501d2c8d7_cgraph.map = ..\html\twz-generator-threaded_8c_a0c5c9001265cb7e7630435b501d2c8d7_cgraph.map
		..\html\twz-generator-threaded_8c_a0c5c9001265cb7e7630435b501d2c8d7_cgraph.md5 = ..\html\twz-generator-threaded_8c_a0c5c9001265cb7e7630435b501d2c8d7_cgraph.md5
		..\html\twz-generator-threaded_8c_a0c5c9001265cb7e7630435b501d2c8d7_cgraph.png = ..\html\twz-generator-threaded_8c_a0c5c9001265cb7e7630435b501d2c8d7_cgraph.png
		..\html\twz-generator-threaded_8c_a0c5c9001265cb7e7630435b501d2c8d7_icgraph.map = ..\html\twz-generator-threaded_8c_a0c5c9001265cb7e7630435b501d2c8d7_icgraph.map
		..\html\twz-generator-threaded_8c_a0c5c9001265cb7e7630435b501d2c8d7_icgraph.md5 = ..\html\twz-generator-threaded_8c_a0c5c9001265cb7e7630435b501d2c8d7_icgraph.md5
		..\html\twz-generator-threaded_8c_a0c5c9001265cb7e7630435b501d2c8d7_icgraph.png = ..\html\twz-generator-threaded_8c_a0c5c9001265cb7e7630435b501d2c8d7_icgraph.png
		..\html\twz-generator-threaded_8c_a0ddf1224851353fc92bfbff6f499fa97_cgraph.map = ..\html\twz-generator-threaded_8c_a0ddf1224851353fc92bfbff6f499fa97_cgraph.map
		..\html\twz-generator-threaded_8c_a0ddf1224851353fc92bfbff6f499fa97_cgraph.md5 = ..\html\twz-generator-threaded_8c_a0ddf1224851353fc92bfbff6f499fa97_cgraph.md5
		..\html\twz-generator-threaded_8c_a0ddf1224851353fc92bfbff6f499fa97_cgraph.png = ..\html\twz-generator-threaded_8c_a0ddf1224851353fc92bfbff6f499fa97_cgraph.png
		..\html\twz-generator-threaded_8c_a3ceba978f59ad2ad586f0ad1b3d712d9_cgraph.map = ..\html\twz-generator-threaded_8c_a3ceba978f59ad2ad586f0ad1b3d712d9_cgraph.map
		..\html\twz-generator-threaded_8c_a3ceba978f59ad2ad586f0ad1b3d712d9_cgraph.md5 = ..\html\twz-generator-threaded_8c_a3ceba978f59ad2ad586f0ad1b3d712d9_cgraph.md5
		..\html\twz-generator-threaded_8c_a3ceba978f59ad2ad586f0ad1b3d712d9_cgraph.png = ..\html\twz-generator-threaded_8c_a3ceba978f59ad2ad586f0ad1b3d712d9_cgraph.png
		..\html\twz-generator-threaded_8c_a3ceba978f59ad2ad586f0ad1b3d712d9_icgraph.map = ..\html\twz-generator-threaded_8c_a3ceba978f59ad2ad586f0ad1b3d712d9_icgraph.map
		..\html\twz-generator-threaded_8c_a3ceba978f59ad2ad586f0ad1b3d712d9_icgraph.md5 = ..\html\twz-generator-threaded_8c_a3ceba978f59ad2ad586f0ad1b3d712d9_icgraph.md5
		..\html\twz-generator-threaded_8c_a3ceba978f59ad2ad586f0ad1b3d712d9_icgraph.png = ..\html\twz-generator-threaded_8c_a3ceba978f59ad2ad586f0ad1b3d712d9_icgraph.png
		..\html\twz-generator-threaded_8c_a4332cc88466edf2f357989d3a3c5486f_icgraph.map = ..\html\twz-generator-threaded_8c_a4332cc88466edf2f357989d3a3c5486f_icgraph.map
		..\html\twz-generator-threaded_8c_a4332cc88466edf2f357989d3a3c5486f_icgraph.md5 = ..\html\twz-generator-threaded_8c_a4332cc88466edf2f357989d3a3c5486f_icgraph.md5
		..\html\twz-generator-threaded_8c_a4332cc88466edf2f357989d3a3c5486f_icgraph.png = ..\html\twz-generator-threaded_8c_a4332cc88466edf2f357989d3a3c5486f_icgraph.png
		..\html\twz-generator-threaded_8c_a4b393e7844e62f6f41c4771c69855766_cgraph.map = ..\html\twz-generator-threaded_8c_a4b393e7844e62f6f41c4771c69855766_cgraph.map
		..\html\twz-generator-threaded_8c_a4b393e7844e62f6f41c4771c69855766_cgraph.md5 = ..\html\twz-generator-threaded_8c_a4b393e7844e62f6f41c4771c69855766_cgraph.md5
		..\html\twz-generator-threaded_8c_a4b393e7844e62f6f41c4771c69855766_cgraph.png = ..\html\twz-generator-threaded_8c_a4b393e7844e62f6f41c4771c69855766_cgraph.png
		..\html\twz-generator-threaded_8c_a4b393e7844e62f6f41c4771c69855766_icgraph.map = ..\html\twz-generator-threaded_8c_a4b393e7844e62f6f41c4771c69855766_icgraph.map
		..\html\twz-generator-threaded_8c_a4b393e7844e62f6f41c4771c69855766_icgraph.md5 = ..\html\twz-generator-threaded_8c_a4b393e7844e62f6f41c4771c69855766_icgraph.md5
		..\html\twz-generator-threaded_8c_a4b393e7844e62f6f41c4771c69855766_icgraph.png = ..\html\twz-generator-threaded_8c_a4b393e7844e62f6f41c4771c69855766_icgraph.png
		..\html\twz-generator-threaded_8c_a5258ab912d9e37b030667e0f76a7274d_cgraph.map = ..\html\twz-generator-threaded_8c_a5258ab912d9e37b030667e0f76a7274d_cgraph.map
		..\html\twz-generator-threaded_8c_a5258ab912d9e37b030667e0f76a7274d_cgraph.md5 = ..\html\twz-generator-threaded_8c_a5258ab912d9e37b030667e0f76a7274d_cgraph.md5
		..\html\twz-generator-threaded_8c_a5258ab912d9e37b030667e0f76a7274d_cgraph.png = ..\html\twz-generator-threaded_8c_a5258ab912d9e37b030667e0f76a7274d_cgraph.png
		..\html\twz-generator-threaded_8c_a5258ab912d9e37b030667e0f76a7274d_icgraph.map = ..\html\twz-generator-threaded_8c_a5258ab912d9e37b030667e0f76a7274d_icgraph.map
		..\html\twz-generator-threaded_8c_a5258ab912d9e37b030667e0f76a7274d_icgraph.md5 = ..\html\twz-generator-threaded_8c_a5258ab912d9e37b030667e0f76a7274d_icgraph.md5
		..\html\twz-generator-threaded_8c_a5258ab912d9e37b030667e0f76a7274d_icgraph.png = ..\html\twz-generator-threaded_8c_a5258ab912d9e37b030667e0f76a7274d_icgraph.png
		..\html\twz-generator-threaded_8c_a834e47e7ea5712bac2e2d0a497817f5a_icgraph.map = ..\html\twz-generator-threaded_8c_a834e47e7ea5712bac2e2d0a497817f5a_icgraph.map
		..\html\twz-generator-threaded_8c_a834e47e7ea5712bac2e2d0a497817f5a_icgraph.md5 = ..\html\twz-generator-threaded_8c_a834e47e7ea5712bac2e2d0a497817f5a_icgraph.md5
		..\html\twz-generator-threaded_8c_a834e47e7ea5712bac2e2d0a497817f5a_icgraph.png = ..\html\twz-generator-threaded_8c_a834e47e7ea5712bac2e2d0a497817f5a_icgraph.png
		..\html\twz-generator-threaded_8c_a8614827cf795aabd67b3151a1b87988e_icgraph.map = ..\html\twz-generator-threaded_8c_a8614827cf795aabd67b3151a1b87988e_icgraph.map
		..\html\twz-generator-threaded_8c_a8614827cf795aabd67b3151a1b87988e_icgraph.md5 = ..\html\twz-generator-threaded_8c_a8614827cf795aabd67b3151a1b87988e_icgraph.md5
		..\html\twz-generator-threaded_8c_a8614827cf795aabd67b3151a1b87988e_icgraph.png = ..\html\twz-generator-threaded_8c_a8614827cf795aabd67b3151a1b87988e_icgraph.png
		..\html\twz-generator-threaded_8c_a8e5318d51506def474f1f32712cd7f52_icgraph.map = ..\html\twz-generator-threaded_8c_a8e5318d51506def474f1f32712cd7f52_icgraph.map
		..\html\twz-generator-threaded_8c_a8e5318d51506def474f1f32712cd7f52_icgraph.md5 = ..\html\twz-generator-threaded_8c_a8e5318d51506def474f1f32712cd7f52_icgraph.md5
		..\html\twz-generator-threaded_8c_a8e5318d51506def474f1f32712cd7f52_icgraph.png = ..\html\twz-generator-threaded_8c_a8e5318d51506def474f1f32712cd7f52_icgraph.png
		..\html\twz-generator-threaded_8c_a93b0bce052bd1491c322eb859b5f7066_cgraph.map = ..\html\twz-generator-threaded_8c_a93b0bce052bd1491c322eb859b5f7066_cgraph.map
		..\html\twz-generator-threaded_8c_a93b0bce052bd1491c322eb859b5f7066_cgraph.md5 = ..\html\twz-generator-threaded_8c_a93b0bce052bd1491c322eb859b5f7066_cgraph.md5
		..\html\twz-generator-threaded_8c_a93b0bce052bd1491c322eb859b5f7066_cgraph.png = ..\html\twz-generator-threaded_8c_a93b0bce052bd1491c322eb859b5f7066_cgraph.png
		..\html\twz-generator-threaded_8c_a93b0bce052bd1491c322eb859b5f7066_icgraph.map = ..\html\twz-generator-threaded_8c_a93b0bce052bd1491c322eb859b5f7066_icgraph.map
		..\html\twz-generator-threaded_8c_a93b0bce052bd1491c322eb859b5f7066_icgraph.md5 = ..\html\twz-generator-threaded_8c_a93b0bce052bd1491c322eb859b5f7066_icgraph.md5
		..\html\twz-generator-threaded_8c_a93b0bce052bd1491c322eb859b5f7066_icgraph.png = ..\html\twz-generator-threaded_8c_a93b0bce052bd1491c322eb859b5f7066_icgraph.png
		..\html\twz-generator-threaded_8c_a96b227aeaa6038dbf6b76d6bda848356_cgraph.map = ..\html\twz-generator-threaded_8c_a96b227aeaa6038dbf6b76d6bda848356_cgraph.map
		..\html\twz-generator-threaded_8c_a96b227aeaa6038dbf6b76d6bda848356_cgraph.md5 = ..\html\twz-generator-threaded_8c_a96b227aeaa6038dbf6b76d6bda848356_cgraph.md5
		..\html\twz-generator-threaded_8c_a96b227aeaa6038dbf6b76d6bda848356_cgraph.png = ..\html\twz-generator-threaded_8c_a96b227aeaa6038dbf6b76d6bda848356_cgraph.png
		..\html\twz-generator-threaded_8c_a9a2cbd4f64ce0054305751682775a58e_icgraph.map = ..\html\twz-generator-threaded_8c_a9a2cbd4f64ce0054305751682775a58e_icgraph.map
		..\html\twz-generator-threaded_8c_a9a2cbd4f64ce0054305751682775a58e_icgraph.md5 = ..\html\twz-generator-threaded_8c_a9a2cbd4f64ce0054305751682775a58e_icgraph.md5
		..\html\twz-generator-threaded_8c_a9a2cbd4f64ce0054305751682775a58e_icgraph.png = ..\html\twz-generator-threaded_8c_a9a2cbd4f64ce0054305751682775a58e_icgraph.png
		..\html\twz-generator-threaded_8c_ace8074151866102cdfbb566af0906119_cgraph.map = ..\html\twz-generator-threaded_8c_ace8074151866102cdfbb566af0906119_cgraph.map
		..\html\twz-generator-threaded_8c_ace8074151866102cdfbb566af0906119_cgraph.md5 = ..\html\twz-generator-threaded_8c_ace8074151866102cdfbb566af0906119_cgraph.md5
		..\html\twz-generator-threaded_8c_ace8074151866102cdfbb566af0906119_cgraph.png = ..\html\twz-generator-threaded_8c_ace8074151866102cdfbb566af0906119_cgraph.png
		..\html\twz-generator-threaded_8c_ace8074151866102cdfbb566af0906119_icgraph.map = ..\html\twz-generator-threaded_8c_ace8074151866102cdfbb566af0906119_icgraph.map
		..\html\twz-generator-threaded_8c_ace8074151866102cdfbb566af0906119_icgraph.md5 = ..\html\twz-generator-threaded_8c_ace8074151866102cdfbb566af0906119_icgraph.md5
		..\html\twz-generator-threaded_8c_ace8074151866102cdfbb566af0906119_icgraph.png = ..\html\twz-generator-threaded_8c_ace8074151866102cdfbb566af0906119_icgraph.png
		..\html\twz-generator-threaded_8c_aefe480fc1bf2e63e95bc86669ae127c1_icgraph.map = ..\html\twz-generator-threaded_8c_aefe480fc1bf2e63e95bc86669ae127c1_icgraph.map
		..\html\twz-generator-threaded_8c_aefe480fc1bf2e63e95bc86669ae127c1_icgraph.md5 = ..\html\twz-generator-threaded_8c_aefe480fc1bf2e63e95bc86669ae127c1_icgraph.md5
		..\html\twz-generator-threaded_8c_aefe480fc1bf2e63e95bc86669ae127c1_icgraph.png = ..\html\twz-generator-threaded_8c_aefe480fc1bf2e63e95bc86669ae127c1_icgraph.png
		..\html\twz-generator-threaded_8c_afdec3708b8532f90a47e9d8f55aadac2_icgraph.map = ..\html\twz-generator-threaded_8c_afdec3708b8532f90a47e9d8f55aadac2_icgraph.map
		..\html\twz-generator-threaded_8c_afdec3708b8532f90a47e9d8f55aadac2_icgraph.md5 = ..\html\twz-generator-threaded_8c_afdec3708b8532f90a47e9d8f55aadac2_icgraph.md5
		..\html\twz-generator-threaded_8c_afdec3708b8532f90a47e9d8f55aadac2_icgraph.png = ..\html\twz-generator-threaded_8c_afdec3708b8532f90a47e9d8f55aadac2_icgraph.png
		..\html\twz-generator-threaded_8c_source.html = ..\html\twz-generator-threaded_8c_source.html
		..\html\twz-generator_8c.html = ..\html\twz-generator_8c.html
		..\html\twz-generator_8c.js = ..\html\twz-generator_8c.js
		..\html\twz-generator_8c__incl.map = ..\html\twz-generator_8c__incl.map
		..\html\twz-generator_8c__incl.md5 = ..\html\twz-generator_8c__incl.md5
		..\html\twz-generator_8c__incl.png = ..\html\twz-generator_8c__incl.png
		..\html\twz-generator_8c_a0ddf1224851353fc92bfbff6f499fa97_cgraph.map = ..\html\twz-generator_8c_a0ddf1224851353fc92bfbff6f499fa97_cgraph.map
		..\html\twz-generator_8c_a0ddf1224851353fc92bfbff6f499fa97_cgraph.md5 = ..\html\twz-generator_8c_a0ddf1224851353fc92bfbff6f499fa97_cgraph.md5
		..\html\twz-generator_8c_a0ddf1224851353fc92bfbff6f499fa97_cgraph.png = ..\html\twz-generator_8c_a0ddf1224851353fc92bfbff6f499fa97_cgraph.png
		..\html\twz-generator_8c_a4332cc88466edf2f357989d3a3c5486f_icgraph.map = ..\html\twz-generator_8c_a4332cc88466edf2f357989d3a3c5486f_icgraph.map
		..\html\twz-generator_8c_a4332cc88466edf2f357989d3a3c5486f_icgraph.md5 = ..\html\twz-generator_8c_a4332cc88466edf2f357989d3a3c5486f_icgraph.md5
		..\html\twz-generator_8c_a4332cc88466edf2f357989d3a3c5486f_icgraph.png = ..\html\twz-generator_8c_a4332cc88466edf2f357989d3a3c5486f_icgraph.png
		..\html\twz-generator_8c_a834e47e7ea5712bac2e2d0a497817f5a_icgraph.map = ..\html\twz-generator_8c_a834e47e7ea5712bac2e2d0a497817f5a_icgraph.map
		..\html\twz-generator_8c_a834e47e7ea5712bac2e2d0a497817f5a_icgraph.md5 = ..\html\twz-generator_8c_a834e47e7ea5712bac2e2d0a497817f5a_icgraph.md5
		..\html\twz-generator_8c_a834e47e7ea5712bac2e2d0a497817f5a_icgraph.png = ..\html\twz-generator_8c_a834e47e7ea5712bac2e2d0a497817f5a_icgraph.png
		..\html\twz-generator_8c_a8614827cf795aabd67b3151a1b87988e_icgraph.map = ..\html\twz-generator_8c_a8614827cf795aabd67b3151a1b87988e_icgraph.map
		..\html\twz-generator_8c_a8614827cf795aabd67b3151a1b87988e_icgraph.md5 = ..\html\twz-generator_8c_a8614827cf795aabd67b3151a1b87988e_icgraph.md5
		..\html\twz-generator_8c_a8614827cf795aabd67b3151a1b87988e_icgraph.png = ..\html\twz-generator_8c_a8614827cf795aabd67b3151a1b87988e_icgraph.png
		..\html\twz-generator_8c_a8e5318d51506def474f1f32712cd7f52_icgraph.map = ..\html\twz-generator_8c_a8e5318d51506def474f1f32712cd7f52_icgraph.map
		..\html\twz-generator_8c_a8e5318d51506def474f1f32712cd7f52_icgraph.md5 = ..\html\twz-generator_8c_a8e5318d51506def474f1f32712cd7f52_icgraph.md5
		..\html\twz-generator_8c_a8e5318d51506def474f1f32712cd7f52_icgraph.png = ..\html\twz-generator_8c_a8e5318d51506def474f1f32712cd7f52_icgraph.png
		..\html\twz-generator_8c_a93b0bce052bd1491c322eb859b5f7066_cgraph.map = ..\html\twz-generator_8c_a93b0bce052bd1491c322eb859b5f7066_cgraph.map
		..\html\twz-generator_8c_a93b0bce052bd1491c322eb859b5f7066_cgraph.md5 = ..\html\twz-generator_8c_a93b0bce052bd1491c322eb859b5f7066_cgraph.md5
		..\html\twz-generator_8c_a93b0bce052bd1491c322eb859b5f7066_cgraph.png = ..\html\twz-generator_8c_a93b0bce052bd1491c322eb859b5f7066_cgraph.png
		..\html\twz-generator_8c_a93b0bce052bd1491c322eb859b5f7066_icgraph.map = ..\html\twz-generator_8c_a93b0bce052bd1491c322eb859b5f7066_icgraph.map
		..\html\twz-generator_8c_a93b0bce052bd1491c322eb859b5f7066_icgraph.md5 = ..\html\twz-generator_8c_a93b0bce052bd1491c322eb859b5f7066_icgraph.md5
		..\html\twz-generator_8c_a93b0bce052bd1491c322eb859b5f7066_icgraph.png = ..\html\twz-generator_8c_a93b0bce052bd1491c322eb859b5f7066_icgraph.png
		..\html\twz-generator_8c_a96b227aeaa6038dbf6b76d6bda848356_cgraph.map = ..\html\twz-generator_8c_a96b227aeaa6038dbf6b76d6bda848356_cgraph.map
		..\html\twz-generator_8c_a96b227aeaa6038dbf6b76d6bda848356_cgraph.md5 = ..\html\twz-generator_8c_a96b227aeaa6038dbf6b76d6bda848356_cgraph.md5
		..\html\twz-generator_8c_a96b227aeaa6038dbf6b76d6bda848356_cgraph.png = ..\html\twz-generator_8c_a96b227aeaa6038dbf6b76d6bda848356_cgraph.png
		..\html\twz-generator_8c_a96b227aeaa6038dbf6b76d6bda848356_icgraph.map = ..\html\twz-generator_8c_a96b227aeaa6038dbf6b76d6bda848356_icgraph.map
		..\html\twz-generator_8c_a96b227aeaa6038dbf6b76d6bda848356_icgraph.md5 = ..\html\twz-generator_8c_a96b227aeaa6038dbf6b76d6bda848356_icgraph.md5
		..\html\twz-generator_8c_a96b227aeaa6038dbf6b76d6bda848356_icgraph.png = ..\html\twz-generator_8c_a96b227aeaa6038dbf6b76d6bda848356_icgraph.png
		..\html\twz-generator_8c_a9a2cbd4f64ce0054305751682775a58e_icgraph.map = ..\html\twz-generator_8c_a9a2cbd4f64ce0054305751682775a58e_icgraph.map
		..\html\twz-generator_8c_a9a2cbd4f64ce0054305751682775a58e_icgraph.md5 = ..\html\twz-generator_8c_a9a2cbd4f64ce0054305751682775a58e_icgraph.md5
		..\html\twz-generator_8c_a9a2cbd4f64ce0054305751682775a58e_icgraph.png = ..\html\twz-generator_8c_a9a2cbd4f64ce0054305751682775a58e_icgraph.png
		..\html\twz-generator_8c_ace8074151866102cdfbb566af0906119_cgraph.map = ..\html\twz-generator_8c_ace8074151866102cdfbb566af0906119_cgraph.map
		..\html\twz-generator_8c_ace8074151866102cdfbb566af0906119_cgraph.md5 = ..\html\twz-generator_8c_ace8074151866102cdfbb566af0906119_cgraph.md5
		..\html\twz-generator_8c_ace8074151866102cdfbb566af0906119_cgraph.png = ..\html\twz-generator_8c_ace8074151866102cdfbb566af0906119_cgraph.png
		..\html\twz-generator_8c_ace8074151866102cdfbb566af0906119_icgraph.map = ..\html\twz-generator_8c_ace8074151866102cdfbb566af0906119_icgraph.map
		..\html\twz-generator_8c_ace8074151866102cdfbb566af0906119_icgraph.md5 = ..\html\twz-generator_8c_ace8074151866102cdfbb566af0906119_icgraph.md5
		..\html\twz-generator_8c_ace8074151866102cdfbb566af0906119_icgraph.png = ..\html\twz-generator_8c_ace8074151866102cdfbb566af0906119_icgraph.png
		..\html\twz-generator_8c_aefe480fc1bf2e63e95bc86669ae127c1_icgraph.map = ..\html\twz-generator_8c_aefe480fc1bf2e63e95bc86669ae127c1_icgraph.map
		..\html\twz-generator_8c_aefe480fc1bf2e63e95bc86669ae127c1_icgraph.md5 = ..\html\twz-generator_8c_aefe480fc1bf2e63e95bc86669ae127c1_icgraph.md5
		..\html\twz-generator_8c_aefe480fc1bf2e63e95bc86669ae127c1_icgraph.png = ..\html\twz-generator_8c_aefe480fc1bf2e63e95bc86669ae127c1_icgraph.png
		..\html\twz-generator_8c_afdec3708b8532f90a47e9d8f55aadac2_icgraph.map = ..\html\twz-generator_8c_afdec3708b8532f90a47e9d8f55aadac2_icgraph.map
		..\html\twz-generator_8c_afdec3708b8532f90a47e9d8f55aadac2_icgraph.md5 = ..\html\twz-generator_8c_afdec3708b8532f90a47e9d8f55aadac2_icgraph.md5
		..\html\twz-generator_8c_afdec3708b8532f90a47e9d8f55aadac2_icgraph.png = ..\html\twz-generator_8c_afdec3708b8532f90a47e9d8f55aadac2_icgraph.png
		..\html\twz-generator_8c_source.html = ..\html\twz-generator_8c_source.html
		..\html\twz-point_8c.html = ..\html\twz-point_8c.html
		..\html\twz-point_8c.js = ..\html\twz-point_8c.js
		..\html\twz-point_8c__incl.map = ..\html\twz-point_8c__incl.map
		..\html\twz-point_8c__incl.md5 = ..\html\twz-point_8c__incl.md5
		..\html\twz-point_8c__incl.png = ..\html\twz-point_8c__incl.png
		..\html\twz-point_8c_a0ddf1224851353fc92bfbff6f499fa97_cgraph.map = ..\html\twz-point_8c_a0ddf1224851353fc92bfbff6f499fa97_cgraph.map
		..\html\twz-point_8c_a0ddf1224851353fc92bfbff6f499fa97_cgraph.md5 = ..\html\twz-point_8c_a0ddf1224851353fc92bfbff6f499fa97_cgraph.md5
		..\html\twz-point_8c_a0ddf1224851353fc92bfbff6f499fa97_cgraph.png = ..\html\twz-point_8c_a0ddf1224851353fc92bfbff6f499fa97_cgraph.png
		..\html\twz-point_8c_a4332cc88466edf2f357989d3a3c5486f_icgraph.map = ..\html\twz-point_8c_a4332cc88466edf2f357989d3a3c5486f_icgraph.map
		..\html\twz-point_8c_a4332cc88466edf2f357989d3a3c5486f_icgraph.md5 = ..\html\twz-point_8c_a4332cc88466edf2f357989d3a3c5486f_icgraph.md5
		..\html\twz-point_8c_a4332cc88466edf2f357989d3a3c5486f_icgraph.png = ..\html\twz-point_8c_a4332cc88466edf2f357989d3a3c5486f_icgraph.png
		..\html\twz-point_8c_a96b227aeaa6038dbf6b76d6bda848356_cgraph.map = ..\html\twz-point_8c_a96b227aeaa6038dbf6b76d6bda848356_cgraph.map
		..\html\twz-point_8c_a96b227aeaa6038dbf6b76d6bda848356_cgraph.md5 = ..\html\twz-point_8c_a96b227aeaa6038dbf6b76d6bda848356_cgraph.md5
		..\html\twz-point_8c_a96b227aeaa6038dbf6b76d6bda848356_cgraph.png = ..\html\twz-point_8c_a96b227aeaa6038dbf6b76d6bda848356_cgraph.png
		..\html\twz-point_8c_a96b227aeaa6038dbf6b76d6bda848356_icgraph.map = ..\html\twz-point_8c_a96b227aeaa6038dbf6b76d6bda848356_icgraph.map
		..\html\twz-point_8c_a96b227aeaa6038dbf6b76d6bda848356_icgraph.md5 = ..\html\twz-point_8c_a96b227aeaa6038dbf6b76d6bda848356_icgraph.md5
		..\html\twz-point_8c_a96b227aeaa6038dbf6b76d6bda848356_icgraph.png = ..\html\twz-point_8c_a96b227aeaa6038dbf6b76d6bda848356_icgraph.png
		..\html\twz-point_8c_a9a2cbd4f64ce0054305751682775a58e_icgraph.map = ..\html\twz-point_8c_a9a2cbd4f64ce0054305751682775a58e_icgraph.map
		..\html\twz-point_8c_a9a2cbd4f64ce0054305751682775a58e_icgraph.md5 = ..\html\twz-point_8c_a9a2cbd4f64ce0054305751682775a58e_icgraph.md5
		..\html\twz-point_8c_a9a2cbd4f64ce0054305751682775a58e_icgraph.png = ..\html\twz-point_8c_a9a2cbd4f64ce0054305751682775a58e_icgraph.png
		..\html\twz-point_8c_aefe480fc1bf2e63e95bc86669ae127c1_icgraph.map = ..\html\twz-point_8c_aefe480fc1bf2e63e95bc86669ae127c1_icgraph.map
		..\html\twz-point_8c_aefe480fc1bf2e63e95bc86669ae127c1_icgraph.md5 = ..\html\twz-point_8c_aefe480fc1bf2e63e95bc86669ae127c1_icgraph.md5
		..\html\twz-point_8c_aefe480fc1bf2e63e95bc86669ae127c1_icgraph.png = ..\html\twz-point_8c_aefe480fc1bf2e63e95bc86669ae127c1_icgraph.png
		..\html\twz-point_8c_afdec3708b8532f90a47e9d8f55aadac2_icgraph.map = ..\html\twz-point_8c_afdec3708b8532f90a47e9d8f55aadac2_icgraph.map
		..\html\twz-point_8c_afdec3708b8532f90a47e9d8f55aadac2_icgraph.md5 = ..\html\twz-point_8c_afdec3708b8532f90a47e9d8f55aadac2_icgraph.md5
		..\html\twz-point_8c_afdec3708b8532f90a47e9d8f55aadac2_icgraph.png = ..\html\twz-point_8c_afdec3708b8532f90a47e9d8f55aadac2_icgraph.png
		..\html\twz-point_8c_source.html = ..\html\twz-point_8c_source.html
	EndProjectSection
EndProject
Project("{2150E333-8FDC-42A3-9474-1A3956D46DE8}") = "search", "search", "{60D04CC0-DC19-4DB0-BC3F-FF4401FD772C}"
	ProjectSection(SolutionItems) = preProject
		..\html\search\all_0.html = ..\html\search\all_0.html
		..\html\search\all_0.js = ..\html\search\all_0.js
		..\html\search\all_1.html = ..\html\search\all_1.html
		..\html\search\all_1.js = ..\html\search\all_1.js
		..\html\search\all_10.html = ..\html\search\all_10.html
		..\html\search\all_10.js = ..\html\search\all_10.js
		..\html\search\all_2.html = ..\html\search\all_2.html
		..\html\search\all_2.js = ..\html\search\all_2.js
		..\html\search\all_3.html = ..\html\search\all_3.html
		..\html\search\all_3.js = ..\html\search\all_3.js
		..\html\search\all_4.html = ..\html\search\all_4.html
		..\html\search\all_4.js = ..\html\search\all_4.js
		..\html\search\all_5.html = ..\html\search\all_5.html
		..\html\search\all_5.js = ..\html\search\all_5.js
		..\html\search\all_6.html = ..\html\search\all_6.html
		..\html\search\all_6.js = ..\html\search\all_6.js
		..\html\search\all_7.html = ..\html\search\all_7.html
		..\html\search\all_7.js = ..\html\search\all_7.js
		..\html\search\all_8.html = ..\html\search\all_8.html
		..\html\search\all_8.js = ..\html\search\all_8.js
		..\html\search\all_9.html = ..\html\search\all_9.html
		..\html\search\all_9.js = ..\html\search\all_9.js
		..\html\search\all_a.html = ..\html\search\all_a.html
		..\html\search\all_a.js = ..\html\search\all_a.js
		..\html\search\all_b.html = ..\html\search\all_b.html
		..\html\search\all_b.js = ..\html\search\all_b.js
		..\html\search\all_c.html = ..\html\search\all_c.html
		..\html\search\all_c.js = ..\html\search\all_c.js
		..\html\search\all_d.html = ..\html\search\all_d.html
		..\html\search\all_d.js = ..\html\search\all_d.js
		..\html\search\all_e.html = ..\html\search\all_e.html
		..\html\search\all_e.js = ..\html\search\all_e.js
		..\html\search\all_f.html = ..\html\search\all_f.html
		..\html\search\all_f.js = ..\html\search\all_f.js
		..\html\search\classes_0.html = ..\html\search\classes_0.html
		..\html\search\classes_0.js = ..\html\search\classes_0.js
		..\html\search\close.png = ..\html\search\close.png
		..\html\search\defines_0.html = ..\html\search\defines_0.html
		..\html\search\defines_0.js = ..\html\search\defines_0.js
		..\html\search\defines_1.html = ..\html\search\defines_1.html
		..\html\search\defines_1.js = ..\html\search\defines_1.js
		..\html\search\defines_2.html = ..\html\search\defines_2.html
		..\html\search\defines_2.js = ..\html\search\defines_2.js
		..\html\search\defines_3.html = ..\html\search\defines_3.html
		..\html\search\defines_3.js = ..\html\search\defines_3.js
		..\html\search\defines_4.html = ..\html\search\defines_4.html
		..\html\search\defines_4.js = ..\html\search\defines_4.js
		..\html\search\files_0.html = ..\html\search\files_0.html
		..\html\search\files_0.js = ..\html\search\files_0.js
		..\html\search\functions_0.html = ..\html\search\functions_0.html
		..\html\search\functions_0.js = ..\html\search\functions_0.js
		..\html\search\functions_1.html = ..\html\search\functions_1.html
		..\html\search\functions_1.js = ..\html\search\functions_1.js
		..\html\search\functions_2.html = ..\html\search\functions_2.html
		..\html\search\functions_2.js = ..\html\search\functions_2.js
		..\html\search\functions_3.html = ..\html\search\functions_3.html
		..\html\search\functions_3.js = ..\html\search\functions_3.js
		..\html\search\functions_4.html = ..\html\search\functions_4.html
		..\html\search\functions_4.js = ..\html\search\functions_4.js
		..\html\search\functions_5.html = ..\html\search\functions_5.html
		..\html\search\functions_5.js = ..\html\search\functions_5.js
		..\html\search\functions_6.html = ..\html\search\functions_6.html
		..\html\search\functions_6.js = ..\html\search\functions_6.js
		..\html\search\mag_sel.png = ..\html\search\mag_sel.png
		..\html\search\nomatches.html = ..\html\search\nomatches.html
		..\html\search\search.css = ..\html\search\search.css
		..\html\search\search.js = ..\html\search\search.js
		..\html\search\search_l.png = ..\html\search\search_l.png
		..\html\search\search_m.png = ..\html\search\search_m.png
		..\html\search\search_r.png = ..\html\search\search_r.png
		..\html\search\variables_0.html = ..\html\search\variables_0.html
		..\html\search\variables_0.js = ..\html\search\variables_0.js
		..\html\search\variables_1.html = ..\html\search\variables_1.html
		..\html\search\variables_1.js = ..\html\search\variables_1.js
		..\html\search\variables_2.html = ..\html\search\variables_2.html
		..\html\search\variables_2.js = ..\html\search\variables_2.js
		..\html\search\variables_3.html = ..\html\search\variables_3.html
		..\html\search\variables_3.js = ..\html\search\variables_3.js
		..\html\search\variables_4.html = ..\html\search\variables_4.html
		..\html\search\variables_4.js = ..\html\search\variables_4.js
		..\html\search\variables_5.html = ..\html\search\variables_5.html
		..\html\search\variables_5.js = ..\html\search\variables_5.js
		..\html\search\variables_6.html = ..\html\search\variables_6.html
		..\html\search\variables_6.js = ..\html\search\variables_6.js
		..\html\search\variables_7.html = ..\html\search\variables_7.html
		..\html\search\variables_7.js = ..\html\search\variables_7.js
		..\html\search\variables_8.html = ..\html\search\variables_8.html
		..\html\search\variables_8.js = ..\html\search\variables_8.js
		..\html\search\variables_9.html = ..\html\search\variables_9.html
		..\html\search\variables_9.js = ..\html\search\variables_9.js
		..\html\search\variables_a.html = ..\html\search\variables_a.html
		..\html\search\variables_a.js = ..\html\search\variables_a.js
	EndProjectSection
EndProject
Project("{2150E333-8FDC-42A3-9474-1A3956D46DE8}") = "DATA", "DATA", "{9DD291E6-B69C-4A1C-8039-B02B2BB825F9}"
	ProjectSection(SolutionItems) = preProject
		..\DATA\DATA.TW1 = ..\DATA\DATA.TW1
		..\DATA\DATA.TW2 = ..\DATA\DATA.TW2
		..\DATA\DATA.TW3 = ..\DATA\DATA.TW3
		..\DATA\DATA.TW4 = ..\DATA\DATA.TW4
	EndProjectSection
EndProject
Global
	GlobalSection(SolutionConfigurationPlatforms) = preSolution
		Debug|Any CPU = Debug|Any CPU
		Release|Any CPU = Release|Any CPU
	EndGlobalSection
	GlobalSection(ProjectConfigurationPlatforms) = postSolution
		{73E0B783-FE79-4671-A1E0-53A11F3F78FF}.Debug|Any CPU.ActiveCfg = Debug|Any CPU
		{73E0B783-FE79-4671-A1E0-53A11F3F78FF}.Debug|Any CPU.Build.0 = Debug|Any CPU
		{73E0B783-FE79-4671-A1E0-53A11F3F78FF}.Release|Any CPU.ActiveCfg = Release|Any CPU
		{73E0B783-FE79-4671-A1E0-53A11F3F78FF}.Release|Any CPU.Build.0 = Release|Any CPU
	EndGlobalSection
	GlobalSection(SolutionProperties) = preSolution
		HideSolutionNode = FALSE
	EndGlobalSection
	GlobalSection(NestedProjects) = preSolution
		{5E2D7B02-B369-4F95-8DE3-632F8E618EAB} = {5AAEFA31-031B-4CE8-B825-34BAD4159A95}
		{60D04CC0-DC19-4DB0-BC3F-FF4401FD772C} = {5E2D7B02-B369-4F95-8DE3-632F8E618EAB}
		{9DD291E6-B69C-4A1C-8039-B02B2BB825F9} = {5AAEFA31-031B-4CE8-B825-34BAD4159A95}
	EndGlobalSection
	GlobalSection(ExtensibilityGlobals) = postSolution
		SolutionGuid = {E2917A0E-C476-4A88-98E0-2003219F135D}
	EndGlobalSection
EndGlobal
